
Microsoft Visual Studio Solution File, Format Version 12.00
# Visual Studio Version 17
VisualStudioVersion = 17.11.35327.3
MinimumVisualStudioVersion = 10.0.40219.1
Project("{FAE04EC0-301F-11D3-BF4B-00C04F79EFBC}") = "students-courses-api", "students-courses-api.csproj", "{ED877566-35DB-4EBB-83F0-7E03A1EBB620}"
EndProject
Global
	GlobalSection(SolutionConfigurationPlatforms) = preSolution
		Debug|Any CPU = Debug|Any CPU
		Release|Any CPU = Release|Any CPU
	EndGlobalSection
	GlobalSection(ProjectConfigurationPlatforms) = postSolution
		{ED877566-35DB-4EBB-83F0-7E03A1EBB620}.Debug|Any CPU.ActiveCfg = Debug|Any CPU
		{ED877566-35DB-4EBB-83F0-7E03A1EBB620}.Debug|Any CPU.Build.0 = Debug|Any CPU
		{ED877566-35DB-4EBB-83F0-7E03A1EBB620}.Release|Any CPU.ActiveCfg = Release|Any CPU
		{ED877566-35DB-4EBB-83F0-7E03A1EBB620}.Release|Any CPU.Build.0 = Release|Any CPU
	EndGlobalSection
	GlobalSection(SolutionProperties) = preSolution
		HideSolutionNode = FALSE
	EndGlobalSection
	GlobalSection(ExtensibilityGlobals) = postSolution
		SolutionGuid = {85FB9D61-C217-45D2-A9D5-B67C3564D692}
	EndGlobalSection
EndGlobal
